// !$*UTF8*$!
{
	archiveVersion = 1;
	classes = {
	};
	objectVersion = 46;
	objects = {

/* Begin PBXBuildFile section */
		F60743E01EE4A58C00D1C75C /* IngredientProperty.swift in Sources */ = {isa = PBXBuildFile; fileRef = F60743DF1EE4A58C00D1C75C /* IngredientProperty.swift */; };
		F607CA9C1F003E79008D77CF /* MarketCollectionViewCell.swift in Sources */ = {isa = PBXBuildFile; fileRef = F607CA9A1F003E79008D77CF /* MarketCollectionViewCell.swift */; };
		F607CA9D1F003E79008D77CF /* MarketCollectionViewCell.xib in Resources */ = {isa = PBXBuildFile; fileRef = F607CA9B1F003E79008D77CF /* MarketCollectionViewCell.xib */; };
		F607CA9F1F004564008D77CF /* AboutViewController.swift in Sources */ = {isa = PBXBuildFile; fileRef = F607CA9E1F004564008D77CF /* AboutViewController.swift */; };
		F607CAA91F004D20008D77CF /* RecipeAddViewController.m in Sources */ = {isa = PBXBuildFile; fileRef = F607CAA81F004D20008D77CF /* RecipeAddViewController.m */; };
		F607CAB01F005599008D77CF /* AddRecipeTableViewCell.m in Sources */ = {isa = PBXBuildFile; fileRef = F607CAAE1F005599008D77CF /* AddRecipeTableViewCell.m */; };
		F607CAB11F005599008D77CF /* AddRecipeTableViewCell.xib in Resources */ = {isa = PBXBuildFile; fileRef = F607CAAF1F005599008D77CF /* AddRecipeTableViewCell.xib */; };
		F607CAB31F005962008D77CF /* RecipeRef.swift in Sources */ = {isa = PBXBuildFile; fileRef = F607CAB21F005962008D77CF /* RecipeRef.swift */; };
		F6348D681EEEE03500CAF208 /* AddIngredientOptionMenuViewController.swift in Sources */ = {isa = PBXBuildFile; fileRef = F6348D671EEEE03500CAF208 /* AddIngredientOptionMenuViewController.swift */; };
		F63896F01EFE84BE00FF533B /* SpeechViewController.swift in Sources */ = {isa = PBXBuildFile; fileRef = F63896EF1EFE84BE00FF533B /* SpeechViewController.swift */; };
		F644D2DB1EF2AA0E0037746B /* SettingsTableViewController.swift in Sources */ = {isa = PBXBuildFile; fileRef = F644D2DA1EF2AA0E0037746B /* SettingsTableViewController.swift */; };
		F64DAB3D1EF2EF9B002343BF /* PlanCollectionViewCell.swift in Sources */ = {isa = PBXBuildFile; fileRef = F64DAB3B1EF2EF9B002343BF /* PlanCollectionViewCell.swift */; };
		F64DAB3E1EF2EF9B002343BF /* PlanCollectionViewCell.xib in Resources */ = {isa = PBXBuildFile; fileRef = F64DAB3C1EF2EF9B002343BF /* PlanCollectionViewCell.xib */; };
		F64DAB411EF2F01B002343BF /* PlanItemCollectionViewCell.swift in Sources */ = {isa = PBXBuildFile; fileRef = F64DAB3F1EF2F01B002343BF /* PlanItemCollectionViewCell.swift */; };
		F64DAB421EF2F01B002343BF /* PlanItemCollectionViewCell.xib in Resources */ = {isa = PBXBuildFile; fileRef = F64DAB401EF2F01B002343BF /* PlanItemCollectionViewCell.xib */; };
		F64DAB441EF2F233002343BF /* HomeCollectionViewController.swift in Sources */ = {isa = PBXBuildFile; fileRef = F64DAB431EF2F233002343BF /* HomeCollectionViewController.swift */; };
		F64DAB461EF2F72C002343BF /* TitleCollectionReusableView.swift in Sources */ = {isa = PBXBuildFile; fileRef = F64DAB451EF2F72C002343BF /* TitleCollectionReusableView.swift */; };
		F64F26781EE57BFA00711189 /* Item.swift in Sources */ = {isa = PBXBuildFile; fileRef = F64F26771EE57BFA00711189 /* Item.swift */; };
		F64F267A1EE5804B00711189 /* Unit.swift in Sources */ = {isa = PBXBuildFile; fileRef = F64F26791EE5804B00711189 /* Unit.swift */; };
		F64F267C1EE5833A00711189 /* IngredientHandler.swift in Sources */ = {isa = PBXBuildFile; fileRef = F64F267B1EE5833A00711189 /* IngredientHandler.swift */; };
		F64F267E1EE583E000711189 /* MarketHandler.swift in Sources */ = {isa = PBXBuildFile; fileRef = F64F267D1EE583E000711189 /* MarketHandler.swift */; };
		F64F26821EE5848400711189 /* Market.swift in Sources */ = {isa = PBXBuildFile; fileRef = F64F26811EE5848400711189 /* Market.swift */; };
		F64F26841EE5867B00711189 /* MarketOfferHandler.swift in Sources */ = {isa = PBXBuildFile; fileRef = F64F26831EE5867B00711189 /* MarketOfferHandler.swift */; };
		F64F26861EE5869800711189 /* MarketOffer.swift in Sources */ = {isa = PBXBuildFile; fileRef = F64F26851EE5869800711189 /* MarketOffer.swift */; };
		F65A09041EEF2B0100F136F9 /* ScannerViewController.swift in Sources */ = {isa = PBXBuildFile; fileRef = F65A09031EEF2B0100F136F9 /* ScannerViewController.swift */; };
		F65AD3991F053DED0000960C /* ShoppingItemController.swift in Sources */ = {isa = PBXBuildFile; fileRef = F65AD3981F053DED0000960C /* ShoppingItemController.swift */; };
		F65AD39D1F05413D0000960C /* ShoppingItem.swift in Sources */ = {isa = PBXBuildFile; fileRef = F65AD39C1F05413D0000960C /* ShoppingItem.swift */; };
		F65AD39F1F0585900000960C /* FinishViewController.swift in Sources */ = {isa = PBXBuildFile; fileRef = F65AD39E1F0585900000960C /* FinishViewController.swift */; };
		F65C60501EEC439D008D7F0C /* ResourceHandler.swift in Sources */ = {isa = PBXBuildFile; fileRef = F65C604F1EEC439D008D7F0C /* ResourceHandler.swift */; };
		F65C60531EEC4D0D008D7F0C /* ShoppingViewController.swift in Sources */ = {isa = PBXBuildFile; fileRef = F65C60521EEC4D0D008D7F0C /* ShoppingViewController.swift */; };
		F65C605A1EEC5AE3008D7F0C /* ShoppingTableViewCell.swift in Sources */ = {isa = PBXBuildFile; fileRef = F65C60581EEC5AE3008D7F0C /* ShoppingTableViewCell.swift */; };
		F65C605B1EEC5AE3008D7F0C /* ShoppingTableViewCell.xib in Resources */ = {isa = PBXBuildFile; fileRef = F65C60591EEC5AE3008D7F0C /* ShoppingTableViewCell.xib */; };
		F65C605E1EEC6528008D7F0C /* PantryCollectionViewController.swift in Sources */ = {isa = PBXBuildFile; fileRef = F65C605D1EEC6528008D7F0C /* PantryCollectionViewController.swift */; };
		F65C60621EEC656B008D7F0C /* PantryCollectionViewCell.swift in Sources */ = {isa = PBXBuildFile; fileRef = F65C60601EEC656B008D7F0C /* PantryCollectionViewCell.swift */; };
		F65C60631EEC656B008D7F0C /* PantryCollectionViewCell.xib in Resources */ = {isa = PBXBuildFile; fileRef = F65C60611EEC656B008D7F0C /* PantryCollectionViewCell.xib */; };
		F667A5A91F03A20B003406E4 /* PlanGenerator.swift in Sources */ = {isa = PBXBuildFile; fileRef = F667A5A81F03A20B003406E4 /* PlanGenerator.swift */; };
		F667A5AB1F03A6FD003406E4 /* PlanItem.swift in Sources */ = {isa = PBXBuildFile; fileRef = F667A5AA1F03A6FD003406E4 /* PlanItem.swift */; };
		F667A5AD1F03A7C9003406E4 /* CoreDataUtils.swift in Sources */ = {isa = PBXBuildFile; fileRef = F667A5AC1F03A7C9003406E4 /* CoreDataUtils.swift */; };
		F66F5CE91EE34CB70060491F /* Ingredient.swift in Sources */ = {isa = PBXBuildFile; fileRef = F66F5CE81EE34CB70060491F /* Ingredient.swift */; };
		F66F5CEB1EE34D210060491F /* IngredientUse.swift in Sources */ = {isa = PBXBuildFile; fileRef = F66F5CEA1EE34D210060491F /* IngredientUse.swift */; };
		F67A589F1F044E80009D85B9 /* Rating.swift in Sources */ = {isa = PBXBuildFile; fileRef = F67A589E1F044E80009D85B9 /* Rating.swift */; };
		F68D63451EE0A44800921E86 /* HttpUtils.swift in Sources */ = {isa = PBXBuildFile; fileRef = F68D63441EE0A44800921E86 /* HttpUtils.swift */; };
		F69D67F61EF99E1C00DF2007 /* RecipeViewImageCollectionViewCell.swift in Sources */ = {isa = PBXBuildFile; fileRef = F69D67F41EF99E1C00DF2007 /* RecipeViewImageCollectionViewCell.swift */; };
		F69D67F71EF99E1C00DF2007 /* RecipeViewImageCollectionViewCell.xib in Resources */ = {isa = PBXBuildFile; fileRef = F69D67F51EF99E1C00DF2007 /* RecipeViewImageCollectionViewCell.xib */; };
		F69D67FB1EF99EDB00DF2007 /* RecipeViewInfoCollectionViewCell.swift in Sources */ = {isa = PBXBuildFile; fileRef = F69D67F91EF99EDB00DF2007 /* RecipeViewInfoCollectionViewCell.swift */; };
		F69D67FC1EF99EDB00DF2007 /* RecipeViewInfoCollectionViewCell.xib in Resources */ = {isa = PBXBuildFile; fileRef = F69D67FA1EF99EDB00DF2007 /* RecipeViewInfoCollectionViewCell.xib */; };
		F69D67FF1EF99F7100DF2007 /* RecipeViewIngredientCollectionViewCell.swift in Sources */ = {isa = PBXBuildFile; fileRef = F69D67FD1EF99F7100DF2007 /* RecipeViewIngredientCollectionViewCell.swift */; };
		F69D68001EF99F7100DF2007 /* RecipeViewIngredientCollectionViewCell.xib in Resources */ = {isa = PBXBuildFile; fileRef = F69D67FE1EF99F7100DF2007 /* RecipeViewIngredientCollectionViewCell.xib */; };
		F69D68041EF9A03400DF2007 /* RecipeViewController.swift in Sources */ = {isa = PBXBuildFile; fileRef = F69D68031EF9A03400DF2007 /* RecipeViewController.swift */; };
		F69D68051EF9A1BC00DF2007 /* RecipeCollectionViewController.swift in Sources */ = {isa = PBXBuildFile; fileRef = F6F789521EF16CBD009E7323 /* RecipeCollectionViewController.swift */; };
		F69F55911F06ADB7000831E7 /* NSString+Score.m in Sources */ = {isa = PBXBuildFile; fileRef = F69F55901F06ADB7000831E7 /* NSString+Score.m */; };
		F6A79BAB1EFD720400B84B21 /* PantryItem.swift in Sources */ = {isa = PBXBuildFile; fileRef = F6A79BAA1EFD720400B84B21 /* PantryItem.swift */; };
		F6AAC5A81EFEF7F800068C33 /* RecipeBook.swift in Sources */ = {isa = PBXBuildFile; fileRef = F6AAC5A71EFEF7F800068C33 /* RecipeBook.swift */; };
		F6AAC5AB1EFF02ED00068C33 /* TBEmptyDataSet.framework in Frameworks */ = {isa = PBXBuildFile; fileRef = F6AAC5AA1EFF02ED00068C33 /* TBEmptyDataSet.framework */; };
		F6AAC5AC1EFF02ED00068C33 /* TBEmptyDataSet.framework in Embed Frameworks */ = {isa = PBXBuildFile; fileRef = F6AAC5AA1EFF02ED00068C33 /* TBEmptyDataSet.framework */; settings = {ATTRIBUTES = (CodeSignOnCopy, RemoveHeadersOnCopy, ); }; };
		F6ACBDAE1EEFF3E900472AA3 /* CookBookCollectionViewController.swift in Sources */ = {isa = PBXBuildFile; fileRef = F6ACBDAD1EEFF3E900472AA3 /* CookBookCollectionViewController.swift */; };
		F6ACBDB21EEFF42F00472AA3 /* CookBookCollectionViewCell.swift in Sources */ = {isa = PBXBuildFile; fileRef = F6ACBDB01EEFF42F00472AA3 /* CookBookCollectionViewCell.swift */; };
		F6ACBDB31EEFF42F00472AA3 /* CookBook4CollectionViewCell.xib in Resources */ = {isa = PBXBuildFile; fileRef = F6ACBDB11EEFF42F00472AA3 /* CookBook4CollectionViewCell.xib */; };
		F6AE62CC1EE0779C00D8E0DF /* RecipeHandler.swift in Sources */ = {isa = PBXBuildFile; fileRef = F6AE62CB1EE0779C00D8E0DF /* RecipeHandler.swift */; };
		F6AE62D01EE0780D00D8E0DF /* Recipe.swift in Sources */ = {isa = PBXBuildFile; fileRef = F6AE62CF1EE0780D00D8E0DF /* Recipe.swift */; };
		F6AE62D41EE07CE600D8E0DF /* SwiftClient.framework in Frameworks */ = {isa = PBXBuildFile; fileRef = F6AE62D21EE0793900D8E0DF /* SwiftClient.framework */; };
		F6AE62D51EE07CE600D8E0DF /* SwiftClient.framework in Embed Frameworks */ = {isa = PBXBuildFile; fileRef = F6AE62D21EE0793900D8E0DF /* SwiftClient.framework */; settings = {ATTRIBUTES = (CodeSignOnCopy, RemoveHeadersOnCopy, ); }; };
		F6AE62D81EE09B6F00D8E0DF /* Step.swift in Sources */ = {isa = PBXBuildFile; fileRef = F6AE62D71EE09B6F00D8E0DF /* Step.swift */; };
		F6BD7A8E1EFFC7B3003AA67D /* CookBook3CollectionViewCell.xib in Resources */ = {isa = PBXBuildFile; fileRef = F6BD7A8D1EFFC7B3003AA67D /* CookBook3CollectionViewCell.xib */; };
		F6BD7A901EFFC80D003AA67D /* CookBook2CollectionViewCell.xib in Resources */ = {isa = PBXBuildFile; fileRef = F6BD7A8F1EFFC80D003AA67D /* CookBook2CollectionViewCell.xib */; };
		F6BD7A921EFFC836003AA67D /* CookBook1CollectionViewCell.xib in Resources */ = {isa = PBXBuildFile; fileRef = F6BD7A911EFFC836003AA67D /* CookBook1CollectionViewCell.xib */; };
		F6BD7A941EFFC998003AA67D /* CookBook0CollectionViewCell.xib in Resources */ = {isa = PBXBuildFile; fileRef = F6BD7A931EFFC998003AA67D /* CookBook0CollectionViewCell.xib */; };
		F6D7FABF1EF058F1001DD906 /* SearchBarCollectionReusableView.swift in Sources */ = {isa = PBXBuildFile; fileRef = F6D7FABE1EF058F1001DD906 /* SearchBarCollectionReusableView.swift */; };
		F6D7FAC31EF05993001DD906 /* ProductSearchCollectionViewController.swift in Sources */ = {isa = PBXBuildFile; fileRef = F6D7FAC21EF05993001DD906 /* ProductSearchCollectionViewController.swift */; };
		F6DD794E1EFDBA4F001A86F5 /* Barcode.swift in Sources */ = {isa = PBXBuildFile; fileRef = F6DD794D1EFDBA4F001A86F5 /* Barcode.swift */; };
		F6E107131EEDFD33007D82CC /* AddCollectionViewCell.swift in Sources */ = {isa = PBXBuildFile; fileRef = F6E107111EEDFD33007D82CC /* AddCollectionViewCell.swift */; };
		F6E107141EEDFD33007D82CC /* AddCollectionViewCell.xib in Resources */ = {isa = PBXBuildFile; fileRef = F6E107121EEDFD33007D82CC /* AddCollectionViewCell.xib */; };
		F6F1EC7A1EDD7C9B004383D2 /* AppDelegate.swift in Sources */ = {isa = PBXBuildFile; fileRef = F6F1EC791EDD7C9B004383D2 /* AppDelegate.swift */; };
		F6F1EC7F1EDD7C9B004383D2 /* Main.storyboard in Resources */ = {isa = PBXBuildFile; fileRef = F6F1EC7D1EDD7C9B004383D2 /* Main.storyboard */; };
		F6F1EC821EDD7C9B004383D2 /* CookNow.xcdatamodeld in Sources */ = {isa = PBXBuildFile; fileRef = F6F1EC801EDD7C9B004383D2 /* CookNow.xcdatamodeld */; };
		F6F1EC841EDD7C9B004383D2 /* Assets.xcassets in Resources */ = {isa = PBXBuildFile; fileRef = F6F1EC831EDD7C9B004383D2 /* Assets.xcassets */; };
		F6F1EC871EDD7C9B004383D2 /* LaunchScreen.storyboard in Resources */ = {isa = PBXBuildFile; fileRef = F6F1EC851EDD7C9B004383D2 /* LaunchScreen.storyboard */; };
		F6F1EC921EDD7C9B004383D2 /* CookNowTests.swift in Sources */ = {isa = PBXBuildFile; fileRef = F6F1EC911EDD7C9B004383D2 /* CookNowTests.swift */; };
		F6F1EC9D1EDD7C9B004383D2 /* CookNowUITests.swift in Sources */ = {isa = PBXBuildFile; fileRef = F6F1EC9C1EDD7C9B004383D2 /* CookNowUITests.swift */; };
		F6F789501EF16C05009E7323 /* RecipeCollectionViewCell.swift in Sources */ = {isa = PBXBuildFile; fileRef = F6F7894E1EF16C05009E7323 /* RecipeCollectionViewCell.swift */; };
		F6F789511EF16C05009E7323 /* RecipeCollectionViewCell.xib in Resources */ = {isa = PBXBuildFile; fileRef = F6F7894F1EF16C05009E7323 /* RecipeCollectionViewCell.xib */; };
		F6F789551EF17126009E7323 /* Utils.swift in Sources */ = {isa = PBXBuildFile; fileRef = F6F789541EF17126009E7323 /* Utils.swift */; };
		F6F789571EF17C24009E7323 /* RecipeStepViewController.swift in Sources */ = {isa = PBXBuildFile; fileRef = F6F789561EF17C24009E7323 /* RecipeStepViewController.swift */; };
		F6FA3A601EFAEA280074744A /* RecipeViewStartButtonCollectionViewCell.swift in Sources */ = {isa = PBXBuildFile; fileRef = F6FA3A5E1EFAEA280074744A /* RecipeViewStartButtonCollectionViewCell.swift */; };
		F6FA3A611EFAEA280074744A /* RecipeViewStartButtonCollectionViewCell.xib in Resources */ = {isa = PBXBuildFile; fileRef = F6FA3A5F1EFAEA280074744A /* RecipeViewStartButtonCollectionViewCell.xib */; };
		F6FA3A631EFAED2C0074744A /* StepViewController.swift in Sources */ = {isa = PBXBuildFile; fileRef = F6FA3A621EFAED2C0074744A /* StepViewController.swift */; };
		F6FA3A651EFAF3730074744A /* PKHUD.framework in Frameworks */ = {isa = PBXBuildFile; fileRef = F6FA3A641EFAF3730074744A /* PKHUD.framework */; };
		F6FA3A661EFAF3730074744A /* PKHUD.framework in Embed Frameworks */ = {isa = PBXBuildFile; fileRef = F6FA3A641EFAF3730074744A /* PKHUD.framework */; settings = {ATTRIBUTES = (CodeSignOnCopy, RemoveHeadersOnCopy, ); }; };
		F6FA3A681EFAF5920074744A /* BorderButton.swift in Sources */ = {isa = PBXBuildFile; fileRef = F6FA3A671EFAF5920074744A /* BorderButton.swift */; };
		F6FA3A6A1EFAF9F30074744A /* Localizable.strings in Resources */ = {isa = PBXBuildFile; fileRef = F6FA3A691EFAF9F30074744A /* Localizable.strings */; };
/* End PBXBuildFile section */

/* Begin PBXContainerItemProxy section */
		F6F1EC8E1EDD7C9B004383D2 /* PBXContainerItemProxy */ = {
			isa = PBXContainerItemProxy;
			containerPortal = F6F1EC6E1EDD7C9B004383D2 /* Project object */;
			proxyType = 1;
			remoteGlobalIDString = F6F1EC751EDD7C9B004383D2;
			remoteInfo = CookNow;
		};
		F6F1EC991EDD7C9B004383D2 /* PBXContainerItemProxy */ = {
			isa = PBXContainerItemProxy;
			containerPortal = F6F1EC6E1EDD7C9B004383D2 /* Project object */;
			proxyType = 1;
			remoteGlobalIDString = F6F1EC751EDD7C9B004383D2;
			remoteInfo = CookNow;
		};
/* End PBXContainerItemProxy section */

/* Begin PBXCopyFilesBuildPhase section */
		F6AE62D61EE07CE600D8E0DF /* Embed Frameworks */ = {
			isa = PBXCopyFilesBuildPhase;
			buildActionMask = 2147483647;
			dstPath = "";
			dstSubfolderSpec = 10;
			files = (
				F6AAC5AC1EFF02ED00068C33 /* TBEmptyDataSet.framework in Embed Frameworks */,
				F6AE62D51EE07CE600D8E0DF /* SwiftClient.framework in Embed Frameworks */,
				F6FA3A661EFAF3730074744A /* PKHUD.framework in Embed Frameworks */,
			);
			name = "Embed Frameworks";
			runOnlyForDeploymentPostprocessing = 0;
		};
/* End PBXCopyFilesBuildPhase section */

/* Begin PBXFileReference section */
		F60743DF1EE4A58C00D1C75C /* IngredientProperty.swift */ = {isa = PBXFileReference; fileEncoding = 4; lastKnownFileType = sourcecode.swift; path = IngredientProperty.swift; sourceTree = "<group>"; };
		F607CA9A1F003E79008D77CF /* MarketCollectionViewCell.swift */ = {isa = PBXFileReference; fileEncoding = 4; lastKnownFileType = sourcecode.swift; path = MarketCollectionViewCell.swift; sourceTree = "<group>"; };
		F607CA9B1F003E79008D77CF /* MarketCollectionViewCell.xib */ = {isa = PBXFileReference; fileEncoding = 4; lastKnownFileType = file.xib; path = MarketCollectionViewCell.xib; sourceTree = "<group>"; };
		F607CA9E1F004564008D77CF /* AboutViewController.swift */ = {isa = PBXFileReference; fileEncoding = 4; lastKnownFileType = sourcecode.swift; path = AboutViewController.swift; sourceTree = "<group>"; };
		F607CAA61F004D20008D77CF /* CookNow-Bridging-Header.h */ = {isa = PBXFileReference; lastKnownFileType = sourcecode.c.h; path = "CookNow-Bridging-Header.h"; sourceTree = "<group>"; };
		F607CAA71F004D20008D77CF /* RecipeAddViewController.h */ = {isa = PBXFileReference; fileEncoding = 4; lastKnownFileType = sourcecode.c.h; path = RecipeAddViewController.h; sourceTree = "<group>"; };
		F607CAA81F004D20008D77CF /* RecipeAddViewController.m */ = {isa = PBXFileReference; fileEncoding = 4; lastKnownFileType = sourcecode.c.objc; path = RecipeAddViewController.m; sourceTree = "<group>"; };
		F607CAAD1F005599008D77CF /* AddRecipeTableViewCell.h */ = {isa = PBXFileReference; fileEncoding = 4; lastKnownFileType = sourcecode.c.h; path = AddRecipeTableViewCell.h; sourceTree = "<group>"; };
		F607CAAE1F005599008D77CF /* AddRecipeTableViewCell.m */ = {isa = PBXFileReference; fileEncoding = 4; lastKnownFileType = sourcecode.c.objc; path = AddRecipeTableViewCell.m; sourceTree = "<group>"; };
		F607CAAF1F005599008D77CF /* AddRecipeTableViewCell.xib */ = {isa = PBXFileReference; fileEncoding = 4; lastKnownFileType = file.xib; path = AddRecipeTableViewCell.xib; sourceTree = "<group>"; };
		F607CAB21F005962008D77CF /* RecipeRef.swift */ = {isa = PBXFileReference; fileEncoding = 4; lastKnownFileType = sourcecode.swift; path = RecipeRef.swift; sourceTree = "<group>"; };
		F6348D671EEEE03500CAF208 /* AddIngredientOptionMenuViewController.swift */ = {isa = PBXFileReference; fileEncoding = 4; lastKnownFileType = sourcecode.swift; path = AddIngredientOptionMenuViewController.swift; sourceTree = "<group>"; };
		F63896EF1EFE84BE00FF533B /* SpeechViewController.swift */ = {isa = PBXFileReference; fileEncoding = 4; lastKnownFileType = sourcecode.swift; path = SpeechViewController.swift; sourceTree = "<group>"; };
		F644D2DA1EF2AA0E0037746B /* SettingsTableViewController.swift */ = {isa = PBXFileReference; fileEncoding = 4; lastKnownFileType = sourcecode.swift; path = SettingsTableViewController.swift; sourceTree = "<group>"; };
		F64DAB3B1EF2EF9B002343BF /* PlanCollectionViewCell.swift */ = {isa = PBXFileReference; fileEncoding = 4; lastKnownFileType = sourcecode.swift; path = PlanCollectionViewCell.swift; sourceTree = "<group>"; };
		F64DAB3C1EF2EF9B002343BF /* PlanCollectionViewCell.xib */ = {isa = PBXFileReference; fileEncoding = 4; lastKnownFileType = file.xib; path = PlanCollectionViewCell.xib; sourceTree = "<group>"; };
		F64DAB3F1EF2F01B002343BF /* PlanItemCollectionViewCell.swift */ = {isa = PBXFileReference; fileEncoding = 4; lastKnownFileType = sourcecode.swift; path = PlanItemCollectionViewCell.swift; sourceTree = "<group>"; };
		F64DAB401EF2F01B002343BF /* PlanItemCollectionViewCell.xib */ = {isa = PBXFileReference; fileEncoding = 4; lastKnownFileType = file.xib; path = PlanItemCollectionViewCell.xib; sourceTree = "<group>"; };
		F64DAB431EF2F233002343BF /* HomeCollectionViewController.swift */ = {isa = PBXFileReference; fileEncoding = 4; lastKnownFileType = sourcecode.swift; path = HomeCollectionViewController.swift; sourceTree = "<group>"; };
		F64DAB451EF2F72C002343BF /* TitleCollectionReusableView.swift */ = {isa = PBXFileReference; fileEncoding = 4; lastKnownFileType = sourcecode.swift; path = TitleCollectionReusableView.swift; sourceTree = "<group>"; };
		F64F26771EE57BFA00711189 /* Item.swift */ = {isa = PBXFileReference; fileEncoding = 4; lastKnownFileType = sourcecode.swift; path = Item.swift; sourceTree = "<group>"; };
		F64F26791EE5804B00711189 /* Unit.swift */ = {isa = PBXFileReference; fileEncoding = 4; lastKnownFileType = sourcecode.swift; path = Unit.swift; sourceTree = "<group>"; };
		F64F267B1EE5833A00711189 /* IngredientHandler.swift */ = {isa = PBXFileReference; fileEncoding = 4; lastKnownFileType = sourcecode.swift; path = IngredientHandler.swift; sourceTree = "<group>"; };
		F64F267D1EE583E000711189 /* MarketHandler.swift */ = {isa = PBXFileReference; fileEncoding = 4; lastKnownFileType = sourcecode.swift; path = MarketHandler.swift; sourceTree = "<group>"; };
		F64F26811EE5848400711189 /* Market.swift */ = {isa = PBXFileReference; fileEncoding = 4; lastKnownFileType = sourcecode.swift; path = Market.swift; sourceTree = "<group>"; };
		F64F26831EE5867B00711189 /* MarketOfferHandler.swift */ = {isa = PBXFileReference; fileEncoding = 4; lastKnownFileType = sourcecode.swift; path = MarketOfferHandler.swift; sourceTree = "<group>"; };
		F64F26851EE5869800711189 /* MarketOffer.swift */ = {isa = PBXFileReference; fileEncoding = 4; lastKnownFileType = sourcecode.swift; path = MarketOffer.swift; sourceTree = "<group>"; };
		F65A09031EEF2B0100F136F9 /* ScannerViewController.swift */ = {isa = PBXFileReference; fileEncoding = 4; lastKnownFileType = sourcecode.swift; path = ScannerViewController.swift; sourceTree = "<group>"; };
		F65AD3981F053DED0000960C /* ShoppingItemController.swift */ = {isa = PBXFileReference; fileEncoding = 4; lastKnownFileType = sourcecode.swift; path = ShoppingItemController.swift; sourceTree = "<group>"; };
		F65AD39C1F05413D0000960C /* ShoppingItem.swift */ = {isa = PBXFileReference; fileEncoding = 4; lastKnownFileType = sourcecode.swift; path = ShoppingItem.swift; sourceTree = "<group>"; };
		F65AD39E1F0585900000960C /* FinishViewController.swift */ = {isa = PBXFileReference; fileEncoding = 4; lastKnownFileType = sourcecode.swift; path = FinishViewController.swift; sourceTree = "<group>"; };
		F65C604F1EEC439D008D7F0C /* ResourceHandler.swift */ = {isa = PBXFileReference; fileEncoding = 4; lastKnownFileType = sourcecode.swift; path = ResourceHandler.swift; sourceTree = "<group>"; };
		F65C60521EEC4D0D008D7F0C /* ShoppingViewController.swift */ = {isa = PBXFileReference; fileEncoding = 4; lastKnownFileType = sourcecode.swift; path = ShoppingViewController.swift; sourceTree = "<group>"; };
		F65C60581EEC5AE3008D7F0C /* ShoppingTableViewCell.swift */ = {isa = PBXFileReference; fileEncoding = 4; lastKnownFileType = sourcecode.swift; path = ShoppingTableViewCell.swift; sourceTree = "<group>"; };
		F65C60591EEC5AE3008D7F0C /* ShoppingTableViewCell.xib */ = {isa = PBXFileReference; fileEncoding = 4; lastKnownFileType = file.xib; path = ShoppingTableViewCell.xib; sourceTree = "<group>"; };
		F65C605D1EEC6528008D7F0C /* PantryCollectionViewController.swift */ = {isa = PBXFileReference; fileEncoding = 4; lastKnownFileType = sourcecode.swift; path = PantryCollectionViewController.swift; sourceTree = "<group>"; };
		F65C60601EEC656B008D7F0C /* PantryCollectionViewCell.swift */ = {isa = PBXFileReference; fileEncoding = 4; lastKnownFileType = sourcecode.swift; path = PantryCollectionViewCell.swift; sourceTree = "<group>"; };
		F65C60611EEC656B008D7F0C /* PantryCollectionViewCell.xib */ = {isa = PBXFileReference; fileEncoding = 4; lastKnownFileType = file.xib; path = PantryCollectionViewCell.xib; sourceTree = "<group>"; };
		F667A5A81F03A20B003406E4 /* PlanGenerator.swift */ = {isa = PBXFileReference; fileEncoding = 4; lastKnownFileType = sourcecode.swift; path = PlanGenerator.swift; sourceTree = "<group>"; };
		F667A5AA1F03A6FD003406E4 /* PlanItem.swift */ = {isa = PBXFileReference; fileEncoding = 4; lastKnownFileType = sourcecode.swift; path = PlanItem.swift; sourceTree = "<group>"; };
		F667A5AC1F03A7C9003406E4 /* CoreDataUtils.swift */ = {isa = PBXFileReference; fileEncoding = 4; lastKnownFileType = sourcecode.swift; path = CoreDataUtils.swift; sourceTree = "<group>"; };
		F66F5CE81EE34CB70060491F /* Ingredient.swift */ = {isa = PBXFileReference; fileEncoding = 4; lastKnownFileType = sourcecode.swift; path = Ingredient.swift; sourceTree = "<group>"; };
		F66F5CEA1EE34D210060491F /* IngredientUse.swift */ = {isa = PBXFileReference; fileEncoding = 4; lastKnownFileType = sourcecode.swift; path = IngredientUse.swift; sourceTree = "<group>"; };
		F67A589E1F044E80009D85B9 /* Rating.swift */ = {isa = PBXFileReference; fileEncoding = 4; lastKnownFileType = sourcecode.swift; path = Rating.swift; sourceTree = "<group>"; };
		F68D63441EE0A44800921E86 /* HttpUtils.swift */ = {isa = PBXFileReference; fileEncoding = 4; lastKnownFileType = sourcecode.swift; path = HttpUtils.swift; sourceTree = "<group>"; };
		F69D67F41EF99E1C00DF2007 /* RecipeViewImageCollectionViewCell.swift */ = {isa = PBXFileReference; fileEncoding = 4; lastKnownFileType = sourcecode.swift; path = RecipeViewImageCollectionViewCell.swift; sourceTree = "<group>"; };
		F69D67F51EF99E1C00DF2007 /* RecipeViewImageCollectionViewCell.xib */ = {isa = PBXFileReference; fileEncoding = 4; lastKnownFileType = file.xib; path = RecipeViewImageCollectionViewCell.xib; sourceTree = "<group>"; };
		F69D67F91EF99EDB00DF2007 /* RecipeViewInfoCollectionViewCell.swift */ = {isa = PBXFileReference; fileEncoding = 4; lastKnownFileType = sourcecode.swift; path = RecipeViewInfoCollectionViewCell.swift; sourceTree = "<group>"; };
		F69D67FA1EF99EDB00DF2007 /* RecipeViewInfoCollectionViewCell.xib */ = {isa = PBXFileReference; fileEncoding = 4; lastKnownFileType = file.xib; path = RecipeViewInfoCollectionViewCell.xib; sourceTree = "<group>"; };
		F69D67FD1EF99F7100DF2007 /* RecipeViewIngredientCollectionViewCell.swift */ = {isa = PBXFileReference; fileEncoding = 4; lastKnownFileType = sourcecode.swift; path = RecipeViewIngredientCollectionViewCell.swift; sourceTree = "<group>"; };
		F69D67FE1EF99F7100DF2007 /* RecipeViewIngredientCollectionViewCell.xib */ = {isa = PBXFileReference; fileEncoding = 4; lastKnownFileType = file.xib; path = RecipeViewIngredientCollectionViewCell.xib; sourceTree = "<group>"; };
		F69D68031EF9A03400DF2007 /* RecipeViewController.swift */ = {isa = PBXFileReference; fileEncoding = 4; lastKnownFileType = sourcecode.swift; path = RecipeViewController.swift; sourceTree = "<group>"; };
		F69F558F1F06ADAB000831E7 /* NSString+Score.h */ = {isa = PBXFileReference; lastKnownFileType = sourcecode.c.h; name = "NSString+Score.h"; path = "../NSString+Score.h"; sourceTree = "<group>"; };
		F69F55901F06ADB7000831E7 /* NSString+Score.m */ = {isa = PBXFileReference; fileEncoding = 4; lastKnownFileType = sourcecode.c.objc; name = "NSString+Score.m"; path = "../NSString+Score.m"; sourceTree = "<group>"; };
		F6A79BAA1EFD720400B84B21 /* PantryItem.swift */ = {isa = PBXFileReference; fileEncoding = 4; lastKnownFileType = sourcecode.swift; path = PantryItem.swift; sourceTree = "<group>"; };
		F6AAC5A71EFEF7F800068C33 /* RecipeBook.swift */ = {isa = PBXFileReference; fileEncoding = 4; lastKnownFileType = sourcecode.swift; path = RecipeBook.swift; sourceTree = "<group>"; };
		F6AAC5AA1EFF02ED00068C33 /* TBEmptyDataSet.framework */ = {isa = PBXFileReference; lastKnownFileType = wrapper.framework; name = TBEmptyDataSet.framework; path = Carthage/Build/iOS/TBEmptyDataSet.framework; sourceTree = "<group>"; };
		F6ACBDAD1EEFF3E900472AA3 /* CookBookCollectionViewController.swift */ = {isa = PBXFileReference; fileEncoding = 4; lastKnownFileType = sourcecode.swift; path = CookBookCollectionViewController.swift; sourceTree = "<group>"; };
		F6ACBDB01EEFF42F00472AA3 /* CookBookCollectionViewCell.swift */ = {isa = PBXFileReference; fileEncoding = 4; lastKnownFileType = sourcecode.swift; path = CookBookCollectionViewCell.swift; sourceTree = "<group>"; };
		F6ACBDB11EEFF42F00472AA3 /* CookBook4CollectionViewCell.xib */ = {isa = PBXFileReference; fileEncoding = 4; lastKnownFileType = file.xib; path = CookBook4CollectionViewCell.xib; sourceTree = "<group>"; };
		F6AE62CB1EE0779C00D8E0DF /* RecipeHandler.swift */ = {isa = PBXFileReference; fileEncoding = 4; lastKnownFileType = sourcecode.swift; path = RecipeHandler.swift; sourceTree = "<group>"; };
		F6AE62CF1EE0780D00D8E0DF /* Recipe.swift */ = {isa = PBXFileReference; fileEncoding = 4; lastKnownFileType = sourcecode.swift; path = Recipe.swift; sourceTree = "<group>"; };
		F6AE62D21EE0793900D8E0DF /* SwiftClient.framework */ = {isa = PBXFileReference; lastKnownFileType = wrapper.framework; name = SwiftClient.framework; path = Carthage/Build/iOS/SwiftClient.framework; sourceTree = "<group>"; };
		F6AE62D71EE09B6F00D8E0DF /* Step.swift */ = {isa = PBXFileReference; fileEncoding = 4; lastKnownFileType = sourcecode.swift; path = Step.swift; sourceTree = "<group>"; };
		F6BD7A8D1EFFC7B3003AA67D /* CookBook3CollectionViewCell.xib */ = {isa = PBXFileReference; fileEncoding = 4; lastKnownFileType = file.xib; path = CookBook3CollectionViewCell.xib; sourceTree = "<group>"; };
		F6BD7A8F1EFFC80D003AA67D /* CookBook2CollectionViewCell.xib */ = {isa = PBXFileReference; fileEncoding = 4; lastKnownFileType = file.xib; path = CookBook2CollectionViewCell.xib; sourceTree = "<group>"; };
		F6BD7A911EFFC836003AA67D /* CookBook1CollectionViewCell.xib */ = {isa = PBXFileReference; fileEncoding = 4; lastKnownFileType = file.xib; path = CookBook1CollectionViewCell.xib; sourceTree = "<group>"; };
		F6BD7A931EFFC998003AA67D /* CookBook0CollectionViewCell.xib */ = {isa = PBXFileReference; fileEncoding = 4; lastKnownFileType = file.xib; path = CookBook0CollectionViewCell.xib; sourceTree = "<group>"; };
		F6D7FABE1EF058F1001DD906 /* SearchBarCollectionReusableView.swift */ = {isa = PBXFileReference; fileEncoding = 4; lastKnownFileType = sourcecode.swift; path = SearchBarCollectionReusableView.swift; sourceTree = "<group>"; };
		F6D7FAC21EF05993001DD906 /* ProductSearchCollectionViewController.swift */ = {isa = PBXFileReference; fileEncoding = 4; lastKnownFileType = sourcecode.swift; path = ProductSearchCollectionViewController.swift; sourceTree = "<group>"; };
		F6DD794D1EFDBA4F001A86F5 /* Barcode.swift */ = {isa = PBXFileReference; fileEncoding = 4; lastKnownFileType = sourcecode.swift; path = Barcode.swift; sourceTree = "<group>"; };
		F6E107111EEDFD33007D82CC /* AddCollectionViewCell.swift */ = {isa = PBXFileReference; fileEncoding = 4; lastKnownFileType = sourcecode.swift; path = AddCollectionViewCell.swift; sourceTree = "<group>"; };
		F6E107121EEDFD33007D82CC /* AddCollectionViewCell.xib */ = {isa = PBXFileReference; fileEncoding = 4; lastKnownFileType = file.xib; path = AddCollectionViewCell.xib; sourceTree = "<group>"; };
		F6F1EC761EDD7C9B004383D2 /* CookNow.app */ = {isa = PBXFileReference; explicitFileType = wrapper.application; includeInIndex = 0; path = CookNow.app; sourceTree = BUILT_PRODUCTS_DIR; };
		F6F1EC791EDD7C9B004383D2 /* AppDelegate.swift */ = {isa = PBXFileReference; lastKnownFileType = sourcecode.swift; path = AppDelegate.swift; sourceTree = "<group>"; };
		F6F1EC7E1EDD7C9B004383D2 /* Base */ = {isa = PBXFileReference; lastKnownFileType = file.storyboard; name = Base; path = Base.lproj/Main.storyboard; sourceTree = "<group>"; };
		F6F1EC811EDD7C9B004383D2 /* CookNow.xcdatamodel */ = {isa = PBXFileReference; lastKnownFileType = wrapper.xcdatamodel; path = CookNow.xcdatamodel; sourceTree = "<group>"; };
		F6F1EC831EDD7C9B004383D2 /* Assets.xcassets */ = {isa = PBXFileReference; lastKnownFileType = folder.assetcatalog; path = Assets.xcassets; sourceTree = "<group>"; };
		F6F1EC861EDD7C9B004383D2 /* Base */ = {isa = PBXFileReference; lastKnownFileType = file.storyboard; name = Base; path = Base.lproj/LaunchScreen.storyboard; sourceTree = "<group>"; };
		F6F1EC881EDD7C9B004383D2 /* Info.plist */ = {isa = PBXFileReference; lastKnownFileType = text.plist.xml; path = Info.plist; sourceTree = "<group>"; };
		F6F1EC8D1EDD7C9B004383D2 /* CookNowTests.xctest */ = {isa = PBXFileReference; explicitFileType = wrapper.cfbundle; includeInIndex = 0; path = CookNowTests.xctest; sourceTree = BUILT_PRODUCTS_DIR; };
		F6F1EC911EDD7C9B004383D2 /* CookNowTests.swift */ = {isa = PBXFileReference; lastKnownFileType = sourcecode.swift; path = CookNowTests.swift; sourceTree = "<group>"; };
		F6F1EC931EDD7C9B004383D2 /* Info.plist */ = {isa = PBXFileReference; lastKnownFileType = text.plist.xml; path = Info.plist; sourceTree = "<group>"; };
		F6F1EC981EDD7C9B004383D2 /* CookNowUITests.xctest */ = {isa = PBXFileReference; explicitFileType = wrapper.cfbundle; includeInIndex = 0; path = CookNowUITests.xctest; sourceTree = BUILT_PRODUCTS_DIR; };
		F6F1EC9C1EDD7C9B004383D2 /* CookNowUITests.swift */ = {isa = PBXFileReference; lastKnownFileType = sourcecode.swift; path = CookNowUITests.swift; sourceTree = "<group>"; };
		F6F1EC9E1EDD7C9B004383D2 /* Info.plist */ = {isa = PBXFileReference; lastKnownFileType = text.plist.xml; path = Info.plist; sourceTree = "<group>"; };
		F6F7894E1EF16C05009E7323 /* RecipeCollectionViewCell.swift */ = {isa = PBXFileReference; fileEncoding = 4; lastKnownFileType = sourcecode.swift; path = RecipeCollectionViewCell.swift; sourceTree = "<group>"; };
		F6F7894F1EF16C05009E7323 /* RecipeCollectionViewCell.xib */ = {isa = PBXFileReference; fileEncoding = 4; lastKnownFileType = file.xib; path = RecipeCollectionViewCell.xib; sourceTree = "<group>"; };
		F6F789521EF16CBD009E7323 /* RecipeCollectionViewController.swift */ = {isa = PBXFileReference; fileEncoding = 4; lastKnownFileType = sourcecode.swift; path = RecipeCollectionViewController.swift; sourceTree = "<group>"; };
		F6F789541EF17126009E7323 /* Utils.swift */ = {isa = PBXFileReference; fileEncoding = 4; lastKnownFileType = sourcecode.swift; path = Utils.swift; sourceTree = "<group>"; };
		F6F789561EF17C24009E7323 /* RecipeStepViewController.swift */ = {isa = PBXFileReference; fileEncoding = 4; lastKnownFileType = sourcecode.swift; path = RecipeStepViewController.swift; sourceTree = "<group>"; };
		F6FA3A5E1EFAEA280074744A /* RecipeViewStartButtonCollectionViewCell.swift */ = {isa = PBXFileReference; fileEncoding = 4; lastKnownFileType = sourcecode.swift; path = RecipeViewStartButtonCollectionViewCell.swift; sourceTree = "<group>"; };
		F6FA3A5F1EFAEA280074744A /* RecipeViewStartButtonCollectionViewCell.xib */ = {isa = PBXFileReference; fileEncoding = 4; lastKnownFileType = file.xib; path = RecipeViewStartButtonCollectionViewCell.xib; sourceTree = "<group>"; };
		F6FA3A621EFAED2C0074744A /* StepViewController.swift */ = {isa = PBXFileReference; fileEncoding = 4; lastKnownFileType = sourcecode.swift; path = StepViewController.swift; sourceTree = "<group>"; };
		F6FA3A641EFAF3730074744A /* PKHUD.framework */ = {isa = PBXFileReference; lastKnownFileType = wrapper.framework; name = PKHUD.framework; path = Carthage/Build/iOS/PKHUD.framework; sourceTree = "<group>"; };
		F6FA3A671EFAF5920074744A /* BorderButton.swift */ = {isa = PBXFileReference; fileEncoding = 4; lastKnownFileType = sourcecode.swift; path = BorderButton.swift; sourceTree = "<group>"; };
		F6FA3A691EFAF9F30074744A /* Localizable.strings */ = {isa = PBXFileReference; fileEncoding = 4; lastKnownFileType = text.plist.strings; path = Localizable.strings; sourceTree = "<group>"; };
/* End PBXFileReference section */

/* Begin PBXFrameworksBuildPhase section */
		F6F1EC731EDD7C9B004383D2 /* Frameworks */ = {
			isa = PBXFrameworksBuildPhase;
			buildActionMask = 2147483647;
			files = (
				F6AAC5AB1EFF02ED00068C33 /* TBEmptyDataSet.framework in Frameworks */,
				F6AE62D41EE07CE600D8E0DF /* SwiftClient.framework in Frameworks */,
				F6FA3A651EFAF3730074744A /* PKHUD.framework in Frameworks */,
			);
			runOnlyForDeploymentPostprocessing = 0;
		};
		F6F1EC8A1EDD7C9B004383D2 /* Frameworks */ = {
			isa = PBXFrameworksBuildPhase;
			buildActionMask = 2147483647;
			files = (
			);
			runOnlyForDeploymentPostprocessing = 0;
		};
		F6F1EC951EDD7C9B004383D2 /* Frameworks */ = {
			isa = PBXFrameworksBuildPhase;
			buildActionMask = 2147483647;
			files = (
			);
			runOnlyForDeploymentPostprocessing = 0;
		};
/* End PBXFrameworksBuildPhase section */

/* Begin PBXGroup section */
		F63896EE1EFE84A800FF533B /* Speech */ = {
			isa = PBXGroup;
			children = (
				F63896EF1EFE84BE00FF533B /* SpeechViewController.swift */,
			);
			name = Speech;
			sourceTree = "<group>";
		};
		F644D2D71EF2A9D70037746B /* Settings */ = {
			isa = PBXGroup;
			children = (
				F607CA9A1F003E79008D77CF /* MarketCollectionViewCell.swift */,
				F607CA9B1F003E79008D77CF /* MarketCollectionViewCell.xib */,
				F644D2DA1EF2AA0E0037746B /* SettingsTableViewController.swift */,
				F607CA9E1F004564008D77CF /* AboutViewController.swift */,
			);
			name = Settings;
			sourceTree = "<group>";
		};
		F64DAB381EF2EF6F002343BF /* Home */ = {
			isa = PBXGroup;
			children = (
				F64DAB431EF2F233002343BF /* HomeCollectionViewController.swift */,
				F64DAB3B1EF2EF9B002343BF /* PlanCollectionViewCell.swift */,
				F64DAB3C1EF2EF9B002343BF /* PlanCollectionViewCell.xib */,
				F64DAB3F1EF2F01B002343BF /* PlanItemCollectionViewCell.swift */,
				F64DAB401EF2F01B002343BF /* PlanItemCollectionViewCell.xib */,
			);
			name = Home;
			sourceTree = "<group>";
		};
		F64F267F1EE5844600711189 /* Ingredient */ = {
			isa = PBXGroup;
			children = (
				F66F5CE81EE34CB70060491F /* Ingredient.swift */,
				F66F5CEA1EE34D210060491F /* IngredientUse.swift */,
				F60743DF1EE4A58C00D1C75C /* IngredientProperty.swift */,
				F64F26791EE5804B00711189 /* Unit.swift */,
				F6DD794D1EFDBA4F001A86F5 /* Barcode.swift */,
			);
			name = Ingredient;
			sourceTree = "<group>";
		};
		F64F26801EE5845B00711189 /* Market */ = {
			isa = PBXGroup;
			children = (
				F64F26811EE5848400711189 /* Market.swift */,
				F64F26851EE5869800711189 /* MarketOffer.swift */,
			);
			name = Market;
			sourceTree = "<group>";
		};
		F65A09021EEF2ADC00F136F9 /* Cells */ = {
			isa = PBXGroup;
			children = (
				F65C60601EEC656B008D7F0C /* PantryCollectionViewCell.swift */,
				F65C60611EEC656B008D7F0C /* PantryCollectionViewCell.xib */,
			);
			name = Cells;
			sourceTree = "<group>";
		};
		F65AD3971F053DCD0000960C /* Controller */ = {
			isa = PBXGroup;
			children = (
				F667A5A81F03A20B003406E4 /* PlanGenerator.swift */,
				F65AD3981F053DED0000960C /* ShoppingItemController.swift */,
			);
			name = Controller;
			sourceTree = "<group>";
		};
		F65AD3A01F0585950000960C /* Page */ = {
			isa = PBXGroup;
			children = (
				F6FA3A621EFAED2C0074744A /* StepViewController.swift */,
				F65AD39E1F0585900000960C /* FinishViewController.swift */,
			);
			name = Page;
			sourceTree = "<group>";
		};
		F65C60511EEC4CEC008D7F0C /* ViewController */ = {
			isa = PBXGroup;
			children = (
				F6D7FABB1EF0468B001DD906 /* Cells */,
				F6ACBDAC1EEFF39300472AA3 /* Collections */,
				F64DAB381EF2EF6F002343BF /* Home */,
				F65C605F1EEC652B008D7F0C /* Pantry */,
				F6F789581EF17C27009E7323 /* Recipe */,
				F644D2D71EF2A9D70037746B /* Settings */,
				F65C605C1EEC6513008D7F0C /* Shopping */,
				F63896EE1EFE84A800FF533B /* Speech */,
				F6FA3A671EFAF5920074744A /* BorderButton.swift */,
			);
			name = ViewController;
			sourceTree = "<group>";
		};
		F65C605C1EEC6513008D7F0C /* Shopping */ = {
			isa = PBXGroup;
			children = (
				F65C60521EEC4D0D008D7F0C /* ShoppingViewController.swift */,
				F65C60581EEC5AE3008D7F0C /* ShoppingTableViewCell.swift */,
				F65C60591EEC5AE3008D7F0C /* ShoppingTableViewCell.xib */,
			);
			name = Shopping;
			sourceTree = "<group>";
		};
		F65C605F1EEC652B008D7F0C /* Pantry */ = {
			isa = PBXGroup;
			children = (
				F65A09021EEF2ADC00F136F9 /* Cells */,
				F6348D671EEEE03500CAF208 /* AddIngredientOptionMenuViewController.swift */,
				F65C605D1EEC6528008D7F0C /* PantryCollectionViewController.swift */,
				F65A09031EEF2B0100F136F9 /* ScannerViewController.swift */,
				F6D7FAC21EF05993001DD906 /* ProductSearchCollectionViewController.swift */,
			);
			name = Pantry;
			sourceTree = "<group>";
		};
		F69D67F81EF99E2100DF2007 /* Cell */ = {
			isa = PBXGroup;
			children = (
				F69D67F41EF99E1C00DF2007 /* RecipeViewImageCollectionViewCell.swift */,
				F69D67F51EF99E1C00DF2007 /* RecipeViewImageCollectionViewCell.xib */,
				F69D67F91EF99EDB00DF2007 /* RecipeViewInfoCollectionViewCell.swift */,
				F69D67FA1EF99EDB00DF2007 /* RecipeViewInfoCollectionViewCell.xib */,
				F69D67FD1EF99F7100DF2007 /* RecipeViewIngredientCollectionViewCell.swift */,
				F69D67FE1EF99F7100DF2007 /* RecipeViewIngredientCollectionViewCell.xib */,
				F6FA3A5E1EFAEA280074744A /* RecipeViewStartButtonCollectionViewCell.swift */,
				F6FA3A5F1EFAEA280074744A /* RecipeViewStartButtonCollectionViewCell.xib */,
			);
			name = Cell;
			sourceTree = "<group>";
		};
		F69F55921F06ADC6000831E7 /* StringScore */ = {
			isa = PBXGroup;
			children = (
				F69F558F1F06ADAB000831E7 /* NSString+Score.h */,
				F69F55901F06ADB7000831E7 /* NSString+Score.m */,
			);
			name = StringScore;
			sourceTree = "<group>";
		};
		F6AAC5A91EFEF81500068C33 /* CoreData */ = {
			isa = PBXGroup;
			children = (
				F667A5AC1F03A7C9003406E4 /* CoreDataUtils.swift */,
				F6A79BAA1EFD720400B84B21 /* PantryItem.swift */,
				F667A5AA1F03A6FD003406E4 /* PlanItem.swift */,
				F67A589E1F044E80009D85B9 /* Rating.swift */,
				F6AAC5A71EFEF7F800068C33 /* RecipeBook.swift */,
				F607CAB21F005962008D77CF /* RecipeRef.swift */,
				F65AD39C1F05413D0000960C /* ShoppingItem.swift */,
			);
			name = CoreData;
			sourceTree = "<group>";
		};
		F6ACBDAC1EEFF39300472AA3 /* Collections */ = {
			isa = PBXGroup;
			children = (
				F6ACBDAF1EEFF40B00472AA3 /* Cells */,
				F6ACBDAD1EEFF3E900472AA3 /* CookBookCollectionViewController.swift */,
				F6F789521EF16CBD009E7323 /* RecipeCollectionViewController.swift */,
				F607CAA71F004D20008D77CF /* RecipeAddViewController.h */,
				F607CAA81F004D20008D77CF /* RecipeAddViewController.m */,
			);
			name = Collections;
			sourceTree = "<group>";
		};
		F6ACBDAF1EEFF40B00472AA3 /* Cells */ = {
			isa = PBXGroup;
			children = (
				F6ACBDB01EEFF42F00472AA3 /* CookBookCollectionViewCell.swift */,
				F6BD7A931EFFC998003AA67D /* CookBook0CollectionViewCell.xib */,
				F6BD7A911EFFC836003AA67D /* CookBook1CollectionViewCell.xib */,
				F6BD7A8F1EFFC80D003AA67D /* CookBook2CollectionViewCell.xib */,
				F6BD7A8D1EFFC7B3003AA67D /* CookBook3CollectionViewCell.xib */,
				F6ACBDB11EEFF42F00472AA3 /* CookBook4CollectionViewCell.xib */,
				F6F7894E1EF16C05009E7323 /* RecipeCollectionViewCell.swift */,
				F6F7894F1EF16C05009E7323 /* RecipeCollectionViewCell.xib */,
				F607CAAD1F005599008D77CF /* AddRecipeTableViewCell.h */,
				F607CAAE1F005599008D77CF /* AddRecipeTableViewCell.m */,
				F607CAAF1F005599008D77CF /* AddRecipeTableViewCell.xib */,
			);
			name = Cells;
			sourceTree = "<group>";
		};
		F6AE62CA1EE0778200D8E0DF /* NetworkHandle */ = {
			isa = PBXGroup;
			children = (
				F68D63441EE0A44800921E86 /* HttpUtils.swift */,
				F64F267B1EE5833A00711189 /* IngredientHandler.swift */,
				F64F267D1EE583E000711189 /* MarketHandler.swift */,
				F6AE62CB1EE0779C00D8E0DF /* RecipeHandler.swift */,
				F64F26831EE5867B00711189 /* MarketOfferHandler.swift */,
				F65C604F1EEC439D008D7F0C /* ResourceHandler.swift */,
			);
			name = NetworkHandle;
			sourceTree = "<group>";
		};
		F6AE62CD1EE077FB00D8E0DF /* Model */ = {
			isa = PBXGroup;
			children = (
				F64F267F1EE5844600711189 /* Ingredient */,
				F64F26801EE5845B00711189 /* Market */,
				F6AAC5A91EFEF81500068C33 /* CoreData */,
				F64F26771EE57BFA00711189 /* Item.swift */,
				F6AE62CF1EE0780D00D8E0DF /* Recipe.swift */,
				F6AE62D71EE09B6F00D8E0DF /* Step.swift */,
			);
			name = Model;
			sourceTree = "<group>";
		};
		F6AE62D11EE0792200D8E0DF /* Frameworks */ = {
			isa = PBXGroup;
			children = (
				F6AAC5AA1EFF02ED00068C33 /* TBEmptyDataSet.framework */,
				F6FA3A641EFAF3730074744A /* PKHUD.framework */,
				F6AE62D21EE0793900D8E0DF /* SwiftClient.framework */,
			);
			name = Frameworks;
			sourceTree = "<group>";
		};
		F6D7FABB1EF0468B001DD906 /* Cells */ = {
			isa = PBXGroup;
			children = (
				F6E107111EEDFD33007D82CC /* AddCollectionViewCell.swift */,
				F6E107121EEDFD33007D82CC /* AddCollectionViewCell.xib */,
				F6D7FABE1EF058F1001DD906 /* SearchBarCollectionReusableView.swift */,
				F64DAB451EF2F72C002343BF /* TitleCollectionReusableView.swift */,
			);
			name = Cells;
			sourceTree = "<group>";
		};
		F6F1EC6D1EDD7C9B004383D2 = {
			isa = PBXGroup;
			children = (
				F6F1EC781EDD7C9B004383D2 /* CookNow */,
				F6F1EC901EDD7C9B004383D2 /* CookNowTests */,
				F6F1EC9B1EDD7C9B004383D2 /* CookNowUITests */,
				F6AE62D11EE0792200D8E0DF /* Frameworks */,
				F6F1EC771EDD7C9B004383D2 /* Products */,
			);
			sourceTree = "<group>";
		};
		F6F1EC771EDD7C9B004383D2 /* Products */ = {
			isa = PBXGroup;
			children = (
				F6F1EC761EDD7C9B004383D2 /* CookNow.app */,
				F6F1EC8D1EDD7C9B004383D2 /* CookNowTests.xctest */,
				F6F1EC981EDD7C9B004383D2 /* CookNowUITests.xctest */,
			);
			name = Products;
			sourceTree = "<group>";
		};
		F6F1EC781EDD7C9B004383D2 /* CookNow */ = {
			isa = PBXGroup;
			children = (
				F65AD3971F053DCD0000960C /* Controller */,
				F6AE62CD1EE077FB00D8E0DF /* Model */,
				F6AE62CA1EE0778200D8E0DF /* NetworkHandle */,
				F65C60511EEC4CEC008D7F0C /* ViewController */,
				F6F1EC791EDD7C9B004383D2 /* AppDelegate.swift */,
				F6F789541EF17126009E7323 /* Utils.swift */,
				F607CAA61F004D20008D77CF /* CookNow-Bridging-Header.h */,
				F6F1EC7D1EDD7C9B004383D2 /* Main.storyboard */,
				F6F1EC831EDD7C9B004383D2 /* Assets.xcassets */,
				F6F1EC851EDD7C9B004383D2 /* LaunchScreen.storyboard */,
				F6F1EC881EDD7C9B004383D2 /* Info.plist */,
				F6F1EC801EDD7C9B004383D2 /* CookNow.xcdatamodeld */,
				F6FA3A691EFAF9F30074744A /* Localizable.strings */,
				F69F55921F06ADC6000831E7 /* StringScore */,
			);
			path = CookNow;
			sourceTree = "<group>";
		};
		F6F1EC901EDD7C9B004383D2 /* CookNowTests */ = {
			isa = PBXGroup;
			children = (
				F6F1EC911EDD7C9B004383D2 /* CookNowTests.swift */,
				F6F1EC931EDD7C9B004383D2 /* Info.plist */,
			);
			path = CookNowTests;
			sourceTree = "<group>";
		};
		F6F1EC9B1EDD7C9B004383D2 /* CookNowUITests */ = {
			isa = PBXGroup;
			children = (
				F6F1EC9C1EDD7C9B004383D2 /* CookNowUITests.swift */,
				F6F1EC9E1EDD7C9B004383D2 /* Info.plist */,
			);
			path = CookNowUITests;
			sourceTree = "<group>";
		};
		F6F789581EF17C27009E7323 /* Recipe */ = {
			isa = PBXGroup;
			children = (
				F69D67F81EF99E2100DF2007 /* Cell */,
				F65AD3A01F0585950000960C /* Page */,
				F6F789561EF17C24009E7323 /* RecipeStepViewController.swift */,
				F69D68031EF9A03400DF2007 /* RecipeViewController.swift */,
			);
			name = Recipe;
			sourceTree = "<group>";
		};
/* End PBXGroup section */

/* Begin PBXNativeTarget section */
		F6F1EC751EDD7C9B004383D2 /* CookNow */ = {
			isa = PBXNativeTarget;
			buildConfigurationList = F6F1ECA11EDD7C9B004383D2 /* Build configuration list for PBXNativeTarget "CookNow" */;
			buildPhases = (
				F6F1EC721EDD7C9B004383D2 /* Sources */,
				F6F1EC731EDD7C9B004383D2 /* Frameworks */,
				F6F1EC741EDD7C9B004383D2 /* Resources */,
				F6AE62D61EE07CE600D8E0DF /* Embed Frameworks */,
			);
			buildRules = (
			);
			dependencies = (
			);
			name = CookNow;
			productName = CookNow;
			productReference = F6F1EC761EDD7C9B004383D2 /* CookNow.app */;
			productType = "com.apple.product-type.application";
		};
		F6F1EC8C1EDD7C9B004383D2 /* CookNowTests */ = {
			isa = PBXNativeTarget;
			buildConfigurationList = F6F1ECA41EDD7C9B004383D2 /* Build configuration list for PBXNativeTarget "CookNowTests" */;
			buildPhases = (
				F6F1EC891EDD7C9B004383D2 /* Sources */,
				F6F1EC8A1EDD7C9B004383D2 /* Frameworks */,
				F6F1EC8B1EDD7C9B004383D2 /* Resources */,
			);
			buildRules = (
			);
			dependencies = (
				F6F1EC8F1EDD7C9B004383D2 /* PBXTargetDependency */,
			);
			name = CookNowTests;
			productName = CookNowTests;
			productReference = F6F1EC8D1EDD7C9B004383D2 /* CookNowTests.xctest */;
			productType = "com.apple.product-type.bundle.unit-test";
		};
		F6F1EC971EDD7C9B004383D2 /* CookNowUITests */ = {
			isa = PBXNativeTarget;
			buildConfigurationList = F6F1ECA71EDD7C9B004383D2 /* Build configuration list for PBXNativeTarget "CookNowUITests" */;
			buildPhases = (
				F6F1EC941EDD7C9B004383D2 /* Sources */,
				F6F1EC951EDD7C9B004383D2 /* Frameworks */,
				F6F1EC961EDD7C9B004383D2 /* Resources */,
			);
			buildRules = (
			);
			dependencies = (
				F6F1EC9A1EDD7C9B004383D2 /* PBXTargetDependency */,
			);
			name = CookNowUITests;
			productName = CookNowUITests;
			productReference = F6F1EC981EDD7C9B004383D2 /* CookNowUITests.xctest */;
			productType = "com.apple.product-type.bundle.ui-testing";
		};
/* End PBXNativeTarget section */

/* Begin PBXProject section */
		F6F1EC6E1EDD7C9B004383D2 /* Project object */ = {
			isa = PBXProject;
			attributes = {
				LastSwiftUpdateCheck = 0830;
				LastUpgradeCheck = 0830;
				ORGANIZATIONNAME = Tobias;
				TargetAttributes = {
					F6F1EC751EDD7C9B004383D2 = {
						CreatedOnToolsVersion = 8.3.2;
						DevelopmentTeam = GSS77QYM85;
						LastSwiftMigration = 0830;
						ProvisioningStyle = Automatic;
					};
					F6F1EC8C1EDD7C9B004383D2 = {
						CreatedOnToolsVersion = 8.3.2;
						DevelopmentTeam = GSS77QYM85;
						ProvisioningStyle = Automatic;
						TestTargetID = F6F1EC751EDD7C9B004383D2;
					};
					F6F1EC971EDD7C9B004383D2 = {
						CreatedOnToolsVersion = 8.3.2;
						DevelopmentTeam = GSS77QYM85;
						ProvisioningStyle = Automatic;
						TestTargetID = F6F1EC751EDD7C9B004383D2;
					};
				};
			};
			buildConfigurationList = F6F1EC711EDD7C9B004383D2 /* Build configuration list for PBXProject "CookNow" */;
			compatibilityVersion = "Xcode 3.2";
			developmentRegion = English;
			hasScannedForEncodings = 0;
			knownRegions = (
				en,
				Base,
			);
			mainGroup = F6F1EC6D1EDD7C9B004383D2;
			productRefGroup = F6F1EC771EDD7C9B004383D2 /* Products */;
			projectDirPath = "";
			projectRoot = "";
			targets = (
				F6F1EC751EDD7C9B004383D2 /* CookNow */,
				F6F1EC8C1EDD7C9B004383D2 /* CookNowTests */,
				F6F1EC971EDD7C9B004383D2 /* CookNowUITests */,
			);
		};
/* End PBXProject section */

/* Begin PBXResourcesBuildPhase section */
		F6F1EC741EDD7C9B004383D2 /* Resources */ = {
			isa = PBXResourcesBuildPhase;
			buildActionMask = 2147483647;
			files = (
				F6E107141EEDFD33007D82CC /* AddCollectionViewCell.xib in Resources */,
				F6BD7A901EFFC80D003AA67D /* CookBook2CollectionViewCell.xib in Resources */,
				F6BD7A8E1EFFC7B3003AA67D /* CookBook3CollectionViewCell.xib in Resources */,
				F607CAB11F005599008D77CF /* AddRecipeTableViewCell.xib in Resources */,
				F6BD7A921EFFC836003AA67D /* CookBook1CollectionViewCell.xib in Resources */,
				F6F1EC871EDD7C9B004383D2 /* LaunchScreen.storyboard in Resources */,
				F6ACBDB31EEFF42F00472AA3 /* CookBook4CollectionViewCell.xib in Resources */,
				F65C605B1EEC5AE3008D7F0C /* ShoppingTableViewCell.xib in Resources */,
				F6F789511EF16C05009E7323 /* RecipeCollectionViewCell.xib in Resources */,
				F607CA9D1F003E79008D77CF /* MarketCollectionViewCell.xib in Resources */,
				F6F1EC841EDD7C9B004383D2 /* Assets.xcassets in Resources */,
				F64DAB421EF2F01B002343BF /* PlanItemCollectionViewCell.xib in Resources */,
				F6FA3A6A1EFAF9F30074744A /* Localizable.strings in Resources */,
				F69D67FC1EF99EDB00DF2007 /* RecipeViewInfoCollectionViewCell.xib in Resources */,
				F69D67F71EF99E1C00DF2007 /* RecipeViewImageCollectionViewCell.xib in Resources */,
				F69D68001EF99F7100DF2007 /* RecipeViewIngredientCollectionViewCell.xib in Resources */,
				F6F1EC7F1EDD7C9B004383D2 /* Main.storyboard in Resources */,
				F6BD7A941EFFC998003AA67D /* CookBook0CollectionViewCell.xib in Resources */,
				F65C60631EEC656B008D7F0C /* PantryCollectionViewCell.xib in Resources */,
				F6FA3A611EFAEA280074744A /* RecipeViewStartButtonCollectionViewCell.xib in Resources */,
				F64DAB3E1EF2EF9B002343BF /* PlanCollectionViewCell.xib in Resources */,
			);
			runOnlyForDeploymentPostprocessing = 0;
		};
		F6F1EC8B1EDD7C9B004383D2 /* Resources */ = {
			isa = PBXResourcesBuildPhase;
			buildActionMask = 2147483647;
			files = (
			);
			runOnlyForDeploymentPostprocessing = 0;
		};
		F6F1EC961EDD7C9B004383D2 /* Resources */ = {
			isa = PBXResourcesBuildPhase;
			buildActionMask = 2147483647;
			files = (
			);
			runOnlyForDeploymentPostprocessing = 0;
		};
/* End PBXResourcesBuildPhase section */

/* Begin PBXSourcesBuildPhase section */
		F6F1EC721EDD7C9B004383D2 /* Sources */ = {
			isa = PBXSourcesBuildPhase;
			buildActionMask = 2147483647;
			files = (
				F69D68051EF9A1BC00DF2007 /* RecipeCollectionViewController.swift in Sources */,
				F6AAC5A81EFEF7F800068C33 /* RecipeBook.swift in Sources */,
				F65C60621EEC656B008D7F0C /* PantryCollectionViewCell.swift in Sources */,
				F667A5AB1F03A6FD003406E4 /* PlanItem.swift in Sources */,
				F65C60531EEC4D0D008D7F0C /* ShoppingViewController.swift in Sources */,
				F65AD39F1F0585900000960C /* FinishViewController.swift in Sources */,
				F69D68041EF9A03400DF2007 /* RecipeViewController.swift in Sources */,
				F64F267E1EE583E000711189 /* MarketHandler.swift in Sources */,
				F68D63451EE0A44800921E86 /* HttpUtils.swift in Sources */,
				F6E107131EEDFD33007D82CC /* AddCollectionViewCell.swift in Sources */,
				F64DAB441EF2F233002343BF /* HomeCollectionViewController.swift in Sources */,
				F607CAB01F005599008D77CF /* AddRecipeTableViewCell.m in Sources */,
				F607CA9F1F004564008D77CF /* AboutViewController.swift in Sources */,
				F65AD39D1F05413D0000960C /* ShoppingItem.swift in Sources */,
				F6348D681EEEE03500CAF208 /* AddIngredientOptionMenuViewController.swift in Sources */,
				F644D2DB1EF2AA0E0037746B /* SettingsTableViewController.swift in Sources */,
				F6A79BAB1EFD720400B84B21 /* PantryItem.swift in Sources */,
				F6ACBDAE1EEFF3E900472AA3 /* CookBookCollectionViewController.swift in Sources */,
				F65C60501EEC439D008D7F0C /* ResourceHandler.swift in Sources */,
				F69D67FB1EF99EDB00DF2007 /* RecipeViewInfoCollectionViewCell.swift in Sources */,
				F64F26841EE5867B00711189 /* MarketOfferHandler.swift in Sources */,
				F69F55911F06ADB7000831E7 /* NSString+Score.m in Sources */,
				F69D67FF1EF99F7100DF2007 /* RecipeViewIngredientCollectionViewCell.swift in Sources */,
				F65C605A1EEC5AE3008D7F0C /* ShoppingTableViewCell.swift in Sources */,
				F6AE62CC1EE0779C00D8E0DF /* RecipeHandler.swift in Sources */,
				F6F789501EF16C05009E7323 /* RecipeCollectionViewCell.swift in Sources */,
				F6ACBDB21EEFF42F00472AA3 /* CookBookCollectionViewCell.swift in Sources */,
				F6AE62D01EE0780D00D8E0DF /* Recipe.swift in Sources */,
				F66F5CE91EE34CB70060491F /* Ingredient.swift in Sources */,
				F6FA3A631EFAED2C0074744A /* StepViewController.swift in Sources */,
				F6FA3A601EFAEA280074744A /* RecipeViewStartButtonCollectionViewCell.swift in Sources */,
				F64DAB411EF2F01B002343BF /* PlanItemCollectionViewCell.swift in Sources */,
				F64DAB3D1EF2EF9B002343BF /* PlanCollectionViewCell.swift in Sources */,
				F67A589F1F044E80009D85B9 /* Rating.swift in Sources */,
				F65A09041EEF2B0100F136F9 /* ScannerViewController.swift in Sources */,
				F63896F01EFE84BE00FF533B /* SpeechViewController.swift in Sources */,
				F65C605E1EEC6528008D7F0C /* PantryCollectionViewController.swift in Sources */,
				F607CAA91F004D20008D77CF /* RecipeAddViewController.m in Sources */,
				F6F1EC821EDD7C9B004383D2 /* CookNow.xcdatamodeld in Sources */,
				F69D67F61EF99E1C00DF2007 /* RecipeViewImageCollectionViewCell.swift in Sources */,
				F64F26781EE57BFA00711189 /* Item.swift in Sources */,
				F6F1EC7A1EDD7C9B004383D2 /* AppDelegate.swift in Sources */,
				F6F789571EF17C24009E7323 /* RecipeStepViewController.swift in Sources */,
				F667A5A91F03A20B003406E4 /* PlanGenerator.swift in Sources */,
				F66F5CEB1EE34D210060491F /* IngredientUse.swift in Sources */,
				F6DD794E1EFDBA4F001A86F5 /* Barcode.swift in Sources */,
				F64F26861EE5869800711189 /* MarketOffer.swift in Sources */,
				F64DAB461EF2F72C002343BF /* TitleCollectionReusableView.swift in Sources */,
				F607CAB31F005962008D77CF /* RecipeRef.swift in Sources */,
				F6F789551EF17126009E7323 /* Utils.swift in Sources */,
				F64F267C1EE5833A00711189 /* IngredientHandler.swift in Sources */,
				F6FA3A681EFAF5920074744A /* BorderButton.swift in Sources */,
				F64F267A1EE5804B00711189 /* Unit.swift in Sources */,
				F6D7FAC31EF05993001DD906 /* ProductSearchCollectionViewController.swift in Sources */,
				F6AE62D81EE09B6F00D8E0DF /* Step.swift in Sources */,
				F65AD3991F053DED0000960C /* ShoppingItemController.swift in Sources */,
				F6D7FABF1EF058F1001DD906 /* SearchBarCollectionReusableView.swift in Sources */,
				F667A5AD1F03A7C9003406E4 /* CoreDataUtils.swift in Sources */,
				F60743E01EE4A58C00D1C75C /* IngredientProperty.swift in Sources */,
				F607CA9C1F003E79008D77CF /* MarketCollectionViewCell.swift in Sources */,
				F64F26821EE5848400711189 /* Market.swift in Sources */,
			);
			runOnlyForDeploymentPostprocessing = 0;
		};
		F6F1EC891EDD7C9B004383D2 /* Sources */ = {
			isa = PBXSourcesBuildPhase;
			buildActionMask = 2147483647;
			files = (
				F6F1EC921EDD7C9B004383D2 /* CookNowTests.swift in Sources */,
			);
			runOnlyForDeploymentPostprocessing = 0;
		};
		F6F1EC941EDD7C9B004383D2 /* Sources */ = {
			isa = PBXSourcesBuildPhase;
			buildActionMask = 2147483647;
			files = (
				F6F1EC9D1EDD7C9B004383D2 /* CookNowUITests.swift in Sources */,
			);
			runOnlyForDeploymentPostprocessing = 0;
		};
/* End PBXSourcesBuildPhase section */

/* Begin PBXTargetDependency section */
		F6F1EC8F1EDD7C9B004383D2 /* PBXTargetDependency */ = {
			isa = PBXTargetDependency;
			target = F6F1EC751EDD7C9B004383D2 /* CookNow */;
			targetProxy = F6F1EC8E1EDD7C9B004383D2 /* PBXContainerItemProxy */;
		};
		F6F1EC9A1EDD7C9B004383D2 /* PBXTargetDependency */ = {
			isa = PBXTargetDependency;
			target = F6F1EC751EDD7C9B004383D2 /* CookNow */;
			targetProxy = F6F1EC991EDD7C9B004383D2 /* PBXContainerItemProxy */;
		};
/* End PBXTargetDependency section */

/* Begin PBXVariantGroup section */
		F6F1EC7D1EDD7C9B004383D2 /* Main.storyboard */ = {
			isa = PBXVariantGroup;
			children = (
				F6F1EC7E1EDD7C9B004383D2 /* Base */,
			);
			name = Main.storyboard;
			sourceTree = "<group>";
		};
		F6F1EC851EDD7C9B004383D2 /* LaunchScreen.storyboard */ = {
			isa = PBXVariantGroup;
			children = (
				F6F1EC861EDD7C9B004383D2 /* Base */,
			);
			name = LaunchScreen.storyboard;
			sourceTree = "<group>";
		};
/* End PBXVariantGroup section */

/* Begin XCBuildConfiguration section */
		F6F1EC9F1EDD7C9B004383D2 /* Debug */ = {
			isa = XCBuildConfiguration;
			buildSettings = {
				ALWAYS_SEARCH_USER_PATHS = NO;
				CLANG_ANALYZER_NONNULL = YES;
				CLANG_ANALYZER_NUMBER_OBJECT_CONVERSION = YES_AGGRESSIVE;
				CLANG_CXX_LANGUAGE_STANDARD = "gnu++0x";
				CLANG_CXX_LIBRARY = "libc++";
				CLANG_ENABLE_MODULES = YES;
				CLANG_ENABLE_OBJC_ARC = YES;
				CLANG_WARN_BOOL_CONVERSION = YES;
				CLANG_WARN_CONSTANT_CONVERSION = YES;
				CLANG_WARN_DIRECT_OBJC_ISA_USAGE = YES_ERROR;
				CLANG_WARN_DOCUMENTATION_COMMENTS = YES;
				CLANG_WARN_EMPTY_BODY = YES;
				CLANG_WARN_ENUM_CONVERSION = YES;
				CLANG_WARN_INFINITE_RECURSION = YES;
				CLANG_WARN_INT_CONVERSION = YES;
				CLANG_WARN_OBJC_ROOT_CLASS = YES_ERROR;
				CLANG_WARN_SUSPICIOUS_MOVE = YES;
				CLANG_WARN_UNREACHABLE_CODE = YES;
				CLANG_WARN__DUPLICATE_METHOD_MATCH = YES;
				"CODE_SIGN_IDENTITY[sdk=iphoneos*]" = "iPhone Developer";
				COPY_PHASE_STRIP = NO;
				DEBUG_INFORMATION_FORMAT = dwarf;
				ENABLE_STRICT_OBJC_MSGSEND = YES;
				ENABLE_TESTABILITY = YES;
				GCC_C_LANGUAGE_STANDARD = gnu99;
				GCC_DYNAMIC_NO_PIC = NO;
				GCC_NO_COMMON_BLOCKS = YES;
				GCC_OPTIMIZATION_LEVEL = 0;
				GCC_PREPROCESSOR_DEFINITIONS = (
					"DEBUG=1",
					"$(inherited)",
				);
				GCC_WARN_64_TO_32_BIT_CONVERSION = YES;
				GCC_WARN_ABOUT_RETURN_TYPE = YES_ERROR;
				GCC_WARN_UNDECLARED_SELECTOR = YES;
				GCC_WARN_UNINITIALIZED_AUTOS = YES_AGGRESSIVE;
				GCC_WARN_UNUSED_FUNCTION = YES;
				GCC_WARN_UNUSED_VARIABLE = YES;
				IPHONEOS_DEPLOYMENT_TARGET = 10.3;
				MTL_ENABLE_DEBUG_INFO = YES;
				ONLY_ACTIVE_ARCH = YES;
				SDKROOT = iphoneos;
				SWIFT_ACTIVE_COMPILATION_CONDITIONS = DEBUG;
				SWIFT_OPTIMIZATION_LEVEL = "-Onone";
				TARGETED_DEVICE_FAMILY = "1,2";
			};
			name = Debug;
		};
		F6F1ECA01EDD7C9B004383D2 /* Release */ = {
			isa = XCBuildConfiguration;
			buildSettings = {
				ALWAYS_SEARCH_USER_PATHS = NO;
				CLANG_ANALYZER_NONNULL = YES;
				CLANG_ANALYZER_NUMBER_OBJECT_CONVERSION = YES_AGGRESSIVE;
				CLANG_CXX_LANGUAGE_STANDARD = "gnu++0x";
				CLANG_CXX_LIBRARY = "libc++";
				CLANG_ENABLE_MODULES = YES;
				CLANG_ENABLE_OBJC_ARC = YES;
				CLANG_WARN_BOOL_CONVERSION = YES;
				CLANG_WARN_CONSTANT_CONVERSION = YES;
				CLANG_WARN_DIRECT_OBJC_ISA_USAGE = YES_ERROR;
				CLANG_WARN_DOCUMENTATION_COMMENTS = YES;
				CLANG_WARN_EMPTY_BODY = YES;
				CLANG_WARN_ENUM_CONVERSION = YES;
				CLANG_WARN_INFINITE_RECURSION = YES;
				CLANG_WARN_INT_CONVERSION = YES;
				CLANG_WARN_OBJC_ROOT_CLASS = YES_ERROR;
				CLANG_WARN_SUSPICIOUS_MOVE = YES;
				CLANG_WARN_UNREACHABLE_CODE = YES;
				CLANG_WARN__DUPLICATE_METHOD_MATCH = YES;
				"CODE_SIGN_IDENTITY[sdk=iphoneos*]" = "iPhone Developer";
				COPY_PHASE_STRIP = NO;
				DEBUG_INFORMATION_FORMAT = "dwarf-with-dsym";
				ENABLE_NS_ASSERTIONS = NO;
				ENABLE_STRICT_OBJC_MSGSEND = YES;
				GCC_C_LANGUAGE_STANDARD = gnu99;
				GCC_NO_COMMON_BLOCKS = YES;
				GCC_WARN_64_TO_32_BIT_CONVERSION = YES;
				GCC_WARN_ABOUT_RETURN_TYPE = YES_ERROR;
				GCC_WARN_UNDECLARED_SELECTOR = YES;
				GCC_WARN_UNINITIALIZED_AUTOS = YES_AGGRESSIVE;
				GCC_WARN_UNUSED_FUNCTION = YES;
				GCC_WARN_UNUSED_VARIABLE = YES;
				IPHONEOS_DEPLOYMENT_TARGET = 10.3;
				MTL_ENABLE_DEBUG_INFO = NO;
				SDKROOT = iphoneos;
				SWIFT_OPTIMIZATION_LEVEL = "-Owholemodule";
				TARGETED_DEVICE_FAMILY = "1,2";
				VALIDATE_PRODUCT = YES;
			};
			name = Release;
		};
		F6F1ECA21EDD7C9B004383D2 /* Debug */ = {
			isa = XCBuildConfiguration;
			buildSettings = {
				ASSETCATALOG_COMPILER_APPICON_NAME = AppIcon;
				CLANG_ENABLE_MODULES = YES;
				"CODE_SIGN_IDENTITY[sdk=iphoneos*]" = "iPhone Developer";
				DEFINES_MODULE = NO;
				DEVELOPMENT_TEAM = GSS77QYM85;
				FRAMEWORK_SEARCH_PATHS = (
					"$(inherited)",
					"$(PROJECT_DIR)/Carthage/Build/iOS",
				);
				INFOPLIST_FILE = CookNow/Info.plist;
				LD_RUNPATH_SEARCH_PATHS = "$(inherited) @executable_path/Frameworks";
				PRODUCT_BUNDLE_IDENTIFIER = de.tobias.CookNow;
				PRODUCT_NAME = "$(TARGET_NAME)";
				PROVISIONING_PROFILE_SPECIFIER = "";
				SWIFT_OBJC_BRIDGING_HEADER = "CookNow/CookNow-Bridging-Header.h";
				SWIFT_OPTIMIZATION_LEVEL = "-Onone";
				SWIFT_VERSION = 3.0;
			};
			name = Debug;
		};
		F6F1ECA31EDD7C9B004383D2 /* Release */ = {
			isa = XCBuildConfiguration;
			buildSettings = {
				ASSETCATALOG_COMPILER_APPICON_NAME = AppIcon;
				CLANG_ENABLE_MODULES = YES;
				"CODE_SIGN_IDENTITY[sdk=iphoneos*]" = "iPhone Developer";
				DEFINES_MODULE = NO;
				DEVELOPMENT_TEAM = GSS77QYM85;
				FRAMEWORK_SEARCH_PATHS = (
					"$(inherited)",
					"$(PROJECT_DIR)/Carthage/Build/iOS",
				);
				INFOPLIST_FILE = CookNow/Info.plist;
				LD_RUNPATH_SEARCH_PATHS = "$(inherited) @executable_path/Frameworks";
				PRODUCT_BUNDLE_IDENTIFIER = de.tobias.CookNow;
				PRODUCT_NAME = "$(TARGET_NAME)";
				PROVISIONING_PROFILE_SPECIFIER = "";
				SWIFT_OBJC_BRIDGING_HEADER = "CookNow/CookNow-Bridging-Header.h";
				SWIFT_VERSION = 3.0;
			};
			name = Release;
		};
		F6F1ECA51EDD7C9B004383D2 /* Debug */ = {
			isa = XCBuildConfiguration;
			buildSettings = {
				ALWAYS_EMBED_SWIFT_STANDARD_LIBRARIES = YES;
				BUNDLE_LOADER = "$(TEST_HOST)";
				DEVELOPMENT_TEAM = GSS77QYM85;
				INFOPLIST_FILE = CookNowTests/Info.plist;
				LD_RUNPATH_SEARCH_PATHS = "$(inherited) @executable_path/Frameworks @loader_path/Frameworks";
				PRODUCT_BUNDLE_IDENTIFIER = de.tobias.CookNowTests;
				PRODUCT_NAME = "$(TARGET_NAME)";
				SWIFT_VERSION = 3.0;
				TEST_HOST = "$(BUILT_PRODUCTS_DIR)/CookNow.app/CookNow";
			};
			name = Debug;
		};
		F6F1ECA61EDD7C9B004383D2 /* Release */ = {
			isa = XCBuildConfiguration;
			buildSettings = {
				ALWAYS_EMBED_SWIFT_STANDARD_LIBRARIES = YES;
				BUNDLE_LOADER = "$(TEST_HOST)";
				DEVELOPMENT_TEAM = GSS77QYM85;
				INFOPLIST_FILE = CookNowTests/Info.plist;
				LD_RUNPATH_SEARCH_PATHS = "$(inherited) @executable_path/Frameworks @loader_path/Frameworks";
				PRODUCT_BUNDLE_IDENTIFIER = de.tobias.CookNowTests;
				PRODUCT_NAME = "$(TARGET_NAME)";
				SWIFT_VERSION = 3.0;
				TEST_HOST = "$(BUILT_PRODUCTS_DIR)/CookNow.app/CookNow";
			};
			name = Release;
		};
		F6F1ECA81EDD7C9B004383D2 /* Debug */ = {
			isa = XCBuildConfiguration;
			buildSettings = {
				ALWAYS_EMBED_SWIFT_STANDARD_LIBRARIES = YES;
				DEVELOPMENT_TEAM = GSS77QYM85;
				INFOPLIST_FILE = CookNowUITests/Info.plist;
				LD_RUNPATH_SEARCH_PATHS = "$(inherited) @executable_path/Frameworks @loader_path/Frameworks";
				PRODUCT_BUNDLE_IDENTIFIER = de.tobias.CookNowUITests;
				PRODUCT_NAME = "$(TARGET_NAME)";
				SWIFT_VERSION = 3.0;
				TEST_TARGET_NAME = CookNow;
			};
			name = Debug;
		};
		F6F1ECA91EDD7C9B004383D2 /* Release */ = {
			isa = XCBuildConfiguration;
			buildSettings = {
				ALWAYS_EMBED_SWIFT_STANDARD_LIBRARIES = YES;
				DEVELOPMENT_TEAM = GSS77QYM85;
				INFOPLIST_FILE = CookNowUITests/Info.plist;
				LD_RUNPATH_SEARCH_PATHS = "$(inherited) @executable_path/Frameworks @loader_path/Frameworks";
				PRODUCT_BUNDLE_IDENTIFIER = de.tobias.CookNowUITests;
				PRODUCT_NAME = "$(TARGET_NAME)";
				SWIFT_VERSION = 3.0;
				TEST_TARGET_NAME = CookNow;
			};
			name = Release;
		};
/* End XCBuildConfiguration section */

/* Begin XCConfigurationList section */
		F6F1EC711EDD7C9B004383D2 /* Build configuration list for PBXProject "CookNow" */ = {
			isa = XCConfigurationList;
			buildConfigurations = (
				F6F1EC9F1EDD7C9B004383D2 /* Debug */,
				F6F1ECA01EDD7C9B004383D2 /* Release */,
			);
			defaultConfigurationIsVisible = 0;
			defaultConfigurationName = Release;
		};
		F6F1ECA11EDD7C9B004383D2 /* Build configuration list for PBXNativeTarget "CookNow" */ = {
			isa = XCConfigurationList;
			buildConfigurations = (
				F6F1ECA21EDD7C9B004383D2 /* Debug */,
				F6F1ECA31EDD7C9B004383D2 /* Release */,
			);
			defaultConfigurationIsVisible = 0;
			defaultConfigurationName = Release;
		};
		F6F1ECA41EDD7C9B004383D2 /* Build configuration list for PBXNativeTarget "CookNowTests" */ = {
			isa = XCConfigurationList;
			buildConfigurations = (
				F6F1ECA51EDD7C9B004383D2 /* Debug */,
				F6F1ECA61EDD7C9B004383D2 /* Release */,
			);
			defaultConfigurationIsVisible = 0;
			defaultConfigurationName = Release;
		};
		F6F1ECA71EDD7C9B004383D2 /* Build configuration list for PBXNativeTarget "CookNowUITests" */ = {
			isa = XCConfigurationList;
			buildConfigurations = (
				F6F1ECA81EDD7C9B004383D2 /* Debug */,
				F6F1ECA91EDD7C9B004383D2 /* Release */,
			);
			defaultConfigurationIsVisible = 0;
			defaultConfigurationName = Release;
		};
/* End XCConfigurationList section */

/* Begin XCVersionGroup section */
		F6F1EC801EDD7C9B004383D2 /* CookNow.xcdatamodeld */ = {
			isa = XCVersionGroup;
			children = (
				F6F1EC811EDD7C9B004383D2 /* CookNow.xcdatamodel */,
			);
			currentVersion = F6F1EC811EDD7C9B004383D2 /* CookNow.xcdatamodel */;
			path = CookNow.xcdatamodeld;
			sourceTree = "<group>";
			versionGroupType = wrapper.xcdatamodel;
		};
/* End XCVersionGroup section */
	};
	rootObject = F6F1EC6E1EDD7C9B004383D2 /* Project object */;
}
